
Microsoft Visual Studio Solution File, Format Version 12.00
# Visual Studio Version 17
VisualStudioVersion = 17.13.35825.156
MinimumVisualStudioVersion = 10.0.40219.1
Project("{FAE04EC0-301F-11D3-BF4B-00C04F79EFBC}") = "Application", "Application\Application.csproj", "{F28D7A45-D95F-4969-A18D-831E493F32C7}"
EndProject
Project("{FAE04EC0-301F-11D3-BF4B-00C04F79EFBC}") = "Infrastructure", "Infrastructure\Infrastructure.csproj", "{A5D958AF-B6CF-451E-B728-FC1C06E23069}"
EndProject
Project("{FAE04EC0-301F-11D3-BF4B-00C04F79EFBC}") = "Core", "Core\Core.csproj", "{F6743DA1-F31F-41BA-8C4F-538D7FB759CE}"
EndProject
Project("{FAE04EC0-301F-11D3-BF4B-00C04F79EFBC}") = "API", "API\API.csproj", "{34B12196-D22F-4367-841E-786C3A74F433}"
EndProject
Project("{FAE04EC0-301F-11D3-BF4B-00C04F79EFBC}") = "Presentation", "Presentation\Presentation.csproj", "{70758269-0F23-404F-B00F-1FB8D19F151A}"
EndProject
Global
	GlobalSection(SolutionConfigurationPlatforms) = preSolution
		Debug|Any CPU = Debug|Any CPU
		Release|Any CPU = Release|Any CPU
	EndGlobalSection
	GlobalSection(ProjectConfigurationPlatforms) = postSolution
		{F28D7A45-D95F-4969-A18D-831E493F32C7}.Debug|Any CPU.ActiveCfg = Debug|Any CPU
		{F28D7A45-D95F-4969-A18D-831E493F32C7}.Debug|Any CPU.Build.0 = Debug|Any CPU
		{F28D7A45-D95F-4969-A18D-831E493F32C7}.Release|Any CPU.ActiveCfg = Release|Any CPU
		{F28D7A45-D95F-4969-A18D-831E493F32C7}.Release|Any CPU.Build.0 = Release|Any CPU
		{A5D958AF-B6CF-451E-B728-FC1C06E23069}.Debug|Any CPU.ActiveCfg = Debug|Any CPU
		{A5D958AF-B6CF-451E-B728-FC1C06E23069}.Debug|Any CPU.Build.0 = Debug|Any CPU
		{A5D958AF-B6CF-451E-B728-FC1C06E23069}.Release|Any CPU.ActiveCfg = Release|Any CPU
		{A5D958AF-B6CF-451E-B728-FC1C06E23069}.Release|Any CPU.Build.0 = Release|Any CPU
		{F6743DA1-F31F-41BA-8C4F-538D7FB759CE}.Debug|Any CPU.ActiveCfg = Debug|Any CPU
		{F6743DA1-F31F-41BA-8C4F-538D7FB759CE}.Debug|Any CPU.Build.0 = Debug|Any CPU
		{F6743DA1-F31F-41BA-8C4F-538D7FB759CE}.Release|Any CPU.ActiveCfg = Release|Any CPU
		{F6743DA1-F31F-41BA-8C4F-538D7FB759CE}.Release|Any CPU.Build.0 = Release|Any CPU
		{34B12196-D22F-4367-841E-786C3A74F433}.Debug|Any CPU.ActiveCfg = Debug|Any CPU
		{34B12196-D22F-4367-841E-786C3A74F433}.Debug|Any CPU.Build.0 = Debug|Any CPU
		{34B12196-D22F-4367-841E-786C3A74F433}.Release|Any CPU.ActiveCfg = Release|Any CPU
		{34B12196-D22F-4367-841E-786C3A74F433}.Release|Any CPU.Build.0 = Release|Any CPU
		{70758269-0F23-404F-B00F-1FB8D19F151A}.Debug|Any CPU.ActiveCfg = Debug|Any CPU
		{70758269-0F23-404F-B00F-1FB8D19F151A}.Debug|Any CPU.Build.0 = Debug|Any CPU
		{70758269-0F23-404F-B00F-1FB8D19F151A}.Release|Any CPU.ActiveCfg = Release|Any CPU
		{70758269-0F23-404F-B00F-1FB8D19F151A}.Release|Any CPU.Build.0 = Release|Any CPU
	EndGlobalSection
	GlobalSection(SolutionProperties) = preSolution
		HideSolutionNode = FALSE
	EndGlobalSection
	GlobalSection(ExtensibilityGlobals) = postSolution
		SolutionGuid = {FE96C87B-F3C4-4C93-A93A-3139407F470B}
	EndGlobalSection
EndGlobal
